# THIS IS AN AUTOGENERATED FILE. DO NOT EDIT THIS FILE DIRECTLY.
# yarn lockfile v1


"@fontsource/mulish@^5.0.16":
  version "5.2.6"
  resolved "https://registry.yarnpkg.com/@fontsource/mulish/-/mulish-5.2.6.tgz#424b8b10393a2f18946d7b97d971161cbb573cb2"
  integrity sha512-5fGU/WT3vvpdYEqmAf0ufmoacpFTkXmvaIQ/rKvXTW9p39+Y5HlZAcHQOm/mVVb+xUUV+d9Djzlhr+pJtSDJhg==
